
Microsoft Visual Studio Solution File, Format Version 12.00
# Visual Studio Version 16
VisualStudioVersion = 16.0.34114.132
MinimumVisualStudioVersion = 10.0.40219.1
Project("{FAE04EC0-301F-11D3-BF4B-00C04F79EFBC}") = "QuanLyKhoSieuThi", "QuanLyKhoSieuThi\QuanLyKhoSieuThi.csproj", "{AF7327D1-5FA5-4889-8C4C-41349994D628}"
EndProject
Global
	GlobalSection(SolutionConfigurationPlatforms) = preSolution
		Debug|Any CPU = Debug|Any CPU
		Release|Any CPU = Release|Any CPU
	EndGlobalSection
	GlobalSection(ProjectConfigurationPlatforms) = postSolution
		{AF7327D1-5FA5-4889-8C4C-41349994D628}.Debug|Any CPU.ActiveCfg = Debug|Any CPU
		{AF7327D1-5FA5-4889-8C4C-41349994D628}.Debug|Any CPU.Build.0 = Debug|Any CPU
		{AF7327D1-5FA5-4889-8C4C-41349994D628}.Release|Any CPU.ActiveCfg = Release|Any CPU
		{AF7327D1-5FA5-4889-8C4C-41349994D628}.Release|Any CPU.Build.0 = Release|Any CPU
	EndGlobalSection
	GlobalSection(SolutionProperties) = preSolution
		HideSolutionNode = FALSE
	EndGlobalSection
	GlobalSection(ExtensibilityGlobals) = postSolution
		SolutionGuid = {405D99DA-0A20-414B-B0E5-C8AB69C0C27E}
	EndGlobalSection
EndGlobal
